
Microsoft Visual Studio Solution File, Format Version 12.00
# Visual Studio Version 16
VisualStudioVersion = 16.0.31019.35
MinimumVisualStudioVersion = 10.0.40219.1
Project("{FAE04EC0-301F-11D3-BF4B-00C04F79EFBC}") = "CNAB150", "CNAB150\CNAB150.csproj", "{621AC245-F0C5-4FD4-9C8A-116A7DFA2ECE}"
EndProject
Global
	GlobalSection(SolutionConfigurationPlatforms) = preSolution
		Debug|Any CPU = Debug|Any CPU
		Release|Any CPU = Release|Any CPU
	EndGlobalSection
	GlobalSection(ProjectConfigurationPlatforms) = postSolution
		{621AC245-F0C5-4FD4-9C8A-116A7DFA2ECE}.Debug|Any CPU.ActiveCfg = Debug|Any CPU
		{621AC245-F0C5-4FD4-9C8A-116A7DFA2ECE}.Debug|Any CPU.Build.0 = Debug|Any CPU
		{621AC245-F0C5-4FD4-9C8A-116A7DFA2ECE}.Release|Any CPU.ActiveCfg = Release|Any CPU
		{621AC245-F0C5-4FD4-9C8A-116A7DFA2ECE}.Release|Any CPU.Build.0 = Release|Any CPU
	EndGlobalSection
	GlobalSection(SolutionProperties) = preSolution
		HideSolutionNode = FALSE
	EndGlobalSection
	GlobalSection(ExtensibilityGlobals) = postSolution
		SolutionGuid = {1A0C2A66-1C53-44BC-B520-E72B5941DBE7}
	EndGlobalSection
EndGlobal
